{
  "version": 4,
  "terraform_version": "1.1.4",
  "serial": 131,
  "lineage": "2c9ffcd7-bfcb-0800-0328-7153d3c2a0bd",
  "outputs": {},
  "resources": [
    {
      "mode": "data",
      "type": "discord_color",
      "name": "blue",
      "provider": "provider[\"registry.terraform.io/aequasi/discord\"]",
      "instances": [
        {
          "schema_version": 0,
          "attributes": {
            "dec": 4360181,
            "hex": "#4287f5",
            "id": "4360181",
            "rgb": null
          },
          "sensitive_attributes": []
        }
      ]
    },
    {
      "mode": "data",
      "type": "discord_member",
      "name": "member",
      "provider": "provider[\"registry.terraform.io/aequasi/discord\"]",
      "instances": [
        {
          "schema_version": 0,
          "attributes": {
            "avatar": "4dac00a0788f4d0fceb5971b9c740b23",
            "discriminator": "7046",
            "id": "283648633042108416",
            "in_server": true,
            "joined_at": "2020-02-10T23:21:13.451000+00:00",
            "nick": "",
            "premium_since": "0001-01-01T00:00:00.000000+00:00",
            "roles": [
              "676576851187073083",
              "785229568196739092",
              "789877437399302214"
            ],
            "server_id": "676568200229552140",
            "user_id": null,
            "username": "Kubat"
          },
          "sensitive_attributes": []
        }
      ]
    },
    {
      "mode": "data",
      "type": "discord_permission",
      "name": "member",
      "provider": "provider[\"registry.terraform.io/aequasi/discord\"]",
      "instances": [
        {
          "schema_version": 0,
          "attributes": {
            "add_reactions": "unset",
            "administrator": "unset",
            "allow_bits": 3072,
            "allow_extends": null,
            "attach_files": "unset",
            "ban_members": "unset",
            "change_nickname": "unset",
            "connect": "unset",
            "create_instant_invite": "unset",
            "deafen_members": "unset",
            "deny_bits": 33554688,
            "deny_extends": null,
            "embed_links": "unset",
            "id": "3089829817",
            "kick_members": "unset",
            "manage_channels": "unset",
            "manage_emojis": "unset",
            "manage_guild": "unset",
            "manage_messages": "unset",
            "manage_nicknames": "unset",
            "manage_roles": "unset",
            "manage_webhooks": "unset",
            "mention_everyone": "unset",
            "move_members": "unset",
            "mute_members": "unset",
            "priority_speaker": "deny",
            "read_message_history": "unset",
            "send_messages": "allow",
            "send_tts_messages": "unset",
            "speak": "unset",
            "stream": "unset",
            "use_external_emojis": "unset",
            "use_vad": "deny",
            "view_audit_log": "unset",
            "view_channel": "allow",
            "view_guild_insights": "unset"
          },
          "sensitive_attributes": []
        }
      ]
    },
    {
      "mode": "data",
      "type": "discord_permission",
      "name": "moderator",
      "provider": "provider[\"registry.terraform.io/aequasi/discord\"]",
      "instances": [
        {
          "schema_version": 0,
          "attributes": {
            "add_reactions": "unset",
            "administrator": "unset",
            "allow_bits": 134221190,
            "allow_extends": 3072,
            "attach_files": "unset",
            "ban_members": "allow",
            "change_nickname": "unset",
            "connect": "unset",
            "create_instant_invite": "unset",
            "deafen_members": "unset",
            "deny_bits": 33554688,
            "deny_extends": 33554688,
            "embed_links": "unset",
            "id": "2926683900",
            "kick_members": "allow",
            "manage_channels": "unset",
            "manage_emojis": "unset",
            "manage_guild": "unset",
            "manage_messages": "unset",
            "manage_nicknames": "allow",
            "manage_roles": "unset",
            "manage_webhooks": "unset",
            "mention_everyone": "unset",
            "move_members": "unset",
            "mute_members": "unset",
            "priority_speaker": "allow",
            "read_message_history": "unset",
            "send_messages": "unset",
            "send_tts_messages": "unset",
            "speak": "unset",
            "stream": "unset",
            "use_external_emojis": "unset",
            "use_vad": "unset",
            "view_audit_log": "allow",
            "view_channel": "unset",
            "view_guild_insights": "unset"
          },
          "sensitive_attributes": []
        }
      ]
    },
    {
      "mode": "data",
      "type": "discord_role",
      "name": "role",
      "provider": "provider[\"registry.terraform.io/aequasi/discord\"]",
      "instances": [
        {
          "schema_version": 0,
          "attributes": {
            "color": 131327,
            "hoist": true,
            "id": "676576851187073083",
            "managed": false,
            "mentionable": true,
            "name": "Director",
            "permissions": 2146959359,
            "position": null,
            "role_id": "676576851187073083",
            "server_id": "676568200229552140"
          },
          "sensitive_attributes": []
        }
      ]
    },
    {
      "mode": "data",
      "type": "local_file",
      "name": "foo",
      "provider": "provider[\"registry.terraform.io/hashicorp/local\"]",
      "instances": [
        {
          "schema_version": 0,
          "attributes": {
            "content": "Drake#1606==Bard\nDrake#1606==Beastlord\nAmdo#6652==Monk\nAmdo#6652==Shaman\nArntor#9231==Beastlord\nAaroneous#8691==Warrior\nAaroneous#8691==Bard\nATHL33T#3920==Wizard\nBrandon#5061==Enchanter\nBrandon#5061==Druid\nDarkwilly#3586==Bard\nDarkwilly#3586==Paladin\nBlixi#3412==Bard\nBoltaron#1344==Shadow Knight\nNihlus#6061==Ranger\nNihlus#6061==Magician\nBrady#1051==Monk\nBrady#1051==Cleric\nCastiel#2867==Cleric\nSkippykc#4660==Magician\nSkippykc#4660==Shaman\nMerieke#0782==Paladin\nCzaroc#9385==Wizard\nDemetrium#7573==Shaman\nDish#6688==Druid\nDrewon-Blesscle#6284==Ranger\nDrewon-Blesscle#6284==Cleric\nDrexel#8790==Shadow Knight\nDuren#2705==Paladin\nEhffx#4821==Warrior\nEsote#4863==Bard\nEzen#8957==Ranger\nFalstaff#7647==Paladin\nFalstaff#7647==Druid\nFenom#6175==Shaman\nFluxx#8897==Monk\nFluxx#8897==Shaman\nTulerezzer AKA Fujimoto#8431==Berserker\nKFury333#3582==Warrior\nGlowerss#9472==Shadow Knight\nGlowerss#9472==Berserker\nGultan#5571==Necromancer\nAnoose#1411==Necromancer\nAnoose#1411==Druid\nSheave#0592==Monk\nIshbu#3930==Magician\nhayama987#1752==Bard\nhayama987#1752==Shaman\nitalica#2066==Wizard\nJackdeth#9853==Shaman\nJaroz#6692==Monk\nJaroz#6692==Shaman\nReign#6745==Warrior\nKaylaanie#8799==Magician\nKerafyrm#0654==Shadow Knight\nKhalista#4236==Beastlord\nKhalista#4236==Monk\nSplatt#7019==Shaman\nSplatt#7019==Necromancer\nKioe7001#7843==Ranger\nKioe7001#7843==Shaman\nCheezy5000#6050==Ranger\nCheezy5000#6050==Shaman\nKismet#5893==Warrior\nKismet#5893==Bard\nSplitkick#4009==Ranger\nSplitkick#4009==Warrior\nBazzka#9447==Monk\nBazzka#9447==Shaman\nKravix (Pinoli)#0083==Cleric\nKravix (Pinoli)#0083==Warrior\nexiled#8927==Warrior\nexiled#8927==Shaman\nKubat#7046==Beastlord\nKubat#7046==Rogue\nAkanon#2207==Shadow Knight\nLinasu#1490==Enchanter\nLinasu#1490==Cleric\nLorinser#0837==Ranger\nLugolai#2768==Berserker\nLugolai#2768==Shaman\nLuke (PCack)#9463==Cleric\nUtzenhiza#2417==Rogue\nUtzenhiza#2417==Druid\nOneCrazyMarine#7849==Monk\nMuggs#6850==Paladin\nNananea#0761==Magician\nIcebergDX#7488==Druid\nIcebergDX#7488==Beastlord\nswarley#6277==Shadow Knight\nAnconite#8168==Shaman\nBaconomicus#5491==Wizard\nOliverCromwell#6897==Cleric\nOliverCromwell#6897==Ranger\nTreijhen#2830==Berserker\nrobjd2#7074==Rogue\nPimento#0023==Cleric\nPimento#0023==Rogue\nOzzy#1252==Necromancer\ndonkusai#6462==Bard\nSabbat#4613==Berserker\nSabbat#4613==Bard\nRemien#9322==Beastlord\nRemien#9322==Bard\nVolts (Renshu)#8710==Warrior\nVolts (Renshu)#8710==Druid\nReo#8608==Rogue\nJames54#5940==Shadow Knight\nJames54#5940==Bard\njustbutler#8150==Bard\nFutaFish#3673==Cleric\nRubiredd#3026==Cleric\nRuzzin#4909==Shaman\nCamden#8857==Shadow Knight\nSazz#9632==Shadow Knight\nSenadin#0849==Monk\nS K O#4684==Monk\nbigdizz0#0250==Paladin\nCSProphet#7440==Monk\nCSProphet#7440==Cleric\nSteelstep#2674==Bard\nNemophobia#9213==Bard\nNemophobia#9213==Shaman\nTest#343242==\nArchCN#3668==Warrior\nArchCN#3668==Cleric\nThwu(Pretlaw)#2273==Warrior\nTiberous#5179==Beastlord\nTiberous#5179==Paladin\nTomias#6302==Enchanter\nTrainz#7838==Monk\nTrainz#7838==Monk\nTrebla#0293==Bard\nTylerdurden#8317==Warrior\nTylerdurden#8317==Cleric\nVaizon#0685==Magician\nMirkava#1516==Rogue\nMirkava#1516==Cleric\npippir#8185==Magician\npippir#8185==Shaman\nPowerhouse#7322==Shadow Knight\nPowerhouse#7322==Bard\nGrumpus#0765==Berserker\nWyora#4717==Enchanter\nWyora#4717==Shaman\nXendu#0210==Shadow Knight\nSamwise#4909==Warrior\nYasixD#8386==Berserker\nYasixD#8386==Bard\nRealistever#2493==Paladin\nRealistever#2493==Bard\nWolger#1284==Necromancer",
            "content_base64": "RHJha2UjMTYwNj09QmFyZApEcmFrZSMxNjA2PT1CZWFzdGxvcmQKQW1kbyM2NjUyPT1Nb25rCkFtZG8jNjY1Mj09U2hhbWFuCkFybnRvciM5MjMxPT1CZWFzdGxvcmQKQWFyb25lb3VzIzg2OTE9PVdhcnJpb3IKQWFyb25lb3VzIzg2OTE9PUJhcmQKQVRITDMzVCMzOTIwPT1XaXphcmQKQnJhbmRvbiM1MDYxPT1FbmNoYW50ZXIKQnJhbmRvbiM1MDYxPT1EcnVpZApEYXJrd2lsbHkjMzU4Nj09QmFyZApEYXJrd2lsbHkjMzU4Nj09UGFsYWRpbgpCbGl4aSMzNDEyPT1CYXJkCkJvbHRhcm9uIzEzNDQ9PVNoYWRvdyBLbmlnaHQKTmlobHVzIzYwNjE9PVJhbmdlcgpOaWhsdXMjNjA2MT09TWFnaWNpYW4KQnJhZHkjMTA1MT09TW9uawpCcmFkeSMxMDUxPT1DbGVyaWMKQ2FzdGllbCMyODY3PT1DbGVyaWMKU2tpcHB5a2MjNDY2MD09TWFnaWNpYW4KU2tpcHB5a2MjNDY2MD09U2hhbWFuCk1lcmlla2UjMDc4Mj09UGFsYWRpbgpDemFyb2MjOTM4NT09V2l6YXJkCkRlbWV0cml1bSM3NTczPT1TaGFtYW4KRGlzaCM2Njg4PT1EcnVpZApEcmV3b24tQmxlc3NjbGUjNjI4ND09UmFuZ2VyCkRyZXdvbi1CbGVzc2NsZSM2Mjg0PT1DbGVyaWMKRHJleGVsIzg3OTA9PVNoYWRvdyBLbmlnaHQKRHVyZW4jMjcwNT09UGFsYWRpbgpFaGZmeCM0ODIxPT1XYXJyaW9yCkVzb3RlIzQ4NjM9PUJhcmQKRXplbiM4OTU3PT1SYW5nZXIKRmFsc3RhZmYjNzY0Nz09UGFsYWRpbgpGYWxzdGFmZiM3NjQ3PT1EcnVpZApGZW5vbSM2MTc1PT1TaGFtYW4KRmx1eHgjODg5Nz09TW9uawpGbHV4eCM4ODk3PT1TaGFtYW4KVHVsZXJlenplciBBS0EgRnVqaW1vdG8jODQzMT09QmVyc2Vya2VyCktGdXJ5MzMzIzM1ODI9PVdhcnJpb3IKR2xvd2Vyc3MjOTQ3Mj09U2hhZG93IEtuaWdodApHbG93ZXJzcyM5NDcyPT1CZXJzZXJrZXIKR3VsdGFuIzU1NzE9PU5lY3JvbWFuY2VyCkFub29zZSMxNDExPT1OZWNyb21hbmNlcgpBbm9vc2UjMTQxMT09RHJ1aWQKU2hlYXZlIzA1OTI9PU1vbmsKSXNoYnUjMzkzMD09TWFnaWNpYW4KaGF5YW1hOTg3IzE3NTI9PUJhcmQKaGF5YW1hOTg3IzE3NTI9PVNoYW1hbgppdGFsaWNhIzIwNjY9PVdpemFyZApKYWNrZGV0aCM5ODUzPT1TaGFtYW4KSmFyb3ojNjY5Mj09TW9uawpKYXJveiM2NjkyPT1TaGFtYW4KUmVpZ24jNjc0NT09V2FycmlvcgpLYXlsYWFuaWUjODc5OT09TWFnaWNpYW4KS2VyYWZ5cm0jMDY1ND09U2hhZG93IEtuaWdodApLaGFsaXN0YSM0MjM2PT1CZWFzdGxvcmQKS2hhbGlzdGEjNDIzNj09TW9uawpTcGxhdHQjNzAxOT09U2hhbWFuClNwbGF0dCM3MDE5PT1OZWNyb21hbmNlcgpLaW9lNzAwMSM3ODQzPT1SYW5nZXIKS2lvZTcwMDEjNzg0Mz09U2hhbWFuCkNoZWV6eTUwMDAjNjA1MD09UmFuZ2VyCkNoZWV6eTUwMDAjNjA1MD09U2hhbWFuCktpc21ldCM1ODkzPT1XYXJyaW9yCktpc21ldCM1ODkzPT1CYXJkClNwbGl0a2ljayM0MDA5PT1SYW5nZXIKU3BsaXRraWNrIzQwMDk9PVdhcnJpb3IKQmF6emthIzk0NDc9PU1vbmsKQmF6emthIzk0NDc9PVNoYW1hbgpLcmF2aXggKFBpbm9saSkjMDA4Mz09Q2xlcmljCktyYXZpeCAoUGlub2xpKSMwMDgzPT1XYXJyaW9yCmV4aWxlZCM4OTI3PT1XYXJyaW9yCmV4aWxlZCM4OTI3PT1TaGFtYW4KS3ViYXQjNzA0Nj09QmVhc3Rsb3JkCkt1YmF0IzcwNDY9PVJvZ3VlCkFrYW5vbiMyMjA3PT1TaGFkb3cgS25pZ2h0CkxpbmFzdSMxNDkwPT1FbmNoYW50ZXIKTGluYXN1IzE0OTA9PUNsZXJpYwpMb3JpbnNlciMwODM3PT1SYW5nZXIKTHVnb2xhaSMyNzY4PT1CZXJzZXJrZXIKTHVnb2xhaSMyNzY4PT1TaGFtYW4KTHVrZSAoUENhY2spIzk0NjM9PUNsZXJpYwpVdHplbmhpemEjMjQxNz09Um9ndWUKVXR6ZW5oaXphIzI0MTc9PURydWlkCk9uZUNyYXp5TWFyaW5lIzc4NDk9PU1vbmsKTXVnZ3MjNjg1MD09UGFsYWRpbgpOYW5hbmVhIzA3NjE9PU1hZ2ljaWFuCkljZWJlcmdEWCM3NDg4PT1EcnVpZApJY2ViZXJnRFgjNzQ4OD09QmVhc3Rsb3JkCnN3YXJsZXkjNjI3Nz09U2hhZG93IEtuaWdodApBbmNvbml0ZSM4MTY4PT1TaGFtYW4KQmFjb25vbWljdXMjNTQ5MT09V2l6YXJkCk9saXZlckNyb213ZWxsIzY4OTc9PUNsZXJpYwpPbGl2ZXJDcm9td2VsbCM2ODk3PT1SYW5nZXIKVHJlaWpoZW4jMjgzMD09QmVyc2Vya2VyCnJvYmpkMiM3MDc0PT1Sb2d1ZQpQaW1lbnRvIzAwMjM9PUNsZXJpYwpQaW1lbnRvIzAwMjM9PVJvZ3VlCk96enkjMTI1Mj09TmVjcm9tYW5jZXIKZG9ua3VzYWkjNjQ2Mj09QmFyZApTYWJiYXQjNDYxMz09QmVyc2Vya2VyClNhYmJhdCM0NjEzPT1CYXJkClJlbWllbiM5MzIyPT1CZWFzdGxvcmQKUmVtaWVuIzkzMjI9PUJhcmQKVm9sdHMgKFJlbnNodSkjODcxMD09V2FycmlvcgpWb2x0cyAoUmVuc2h1KSM4NzEwPT1EcnVpZApSZW8jODYwOD09Um9ndWUKSmFtZXM1NCM1OTQwPT1TaGFkb3cgS25pZ2h0CkphbWVzNTQjNTk0MD09QmFyZApqdXN0YnV0bGVyIzgxNTA9PUJhcmQKRnV0YUZpc2gjMzY3Mz09Q2xlcmljClJ1YmlyZWRkIzMwMjY9PUNsZXJpYwpSdXp6aW4jNDkwOT09U2hhbWFuCkNhbWRlbiM4ODU3PT1TaGFkb3cgS25pZ2h0ClNhenojOTYzMj09U2hhZG93IEtuaWdodApTZW5hZGluIzA4NDk9PU1vbmsKUyBLIE8jNDY4ND09TW9uawpiaWdkaXp6MCMwMjUwPT1QYWxhZGluCkNTUHJvcGhldCM3NDQwPT1Nb25rCkNTUHJvcGhldCM3NDQwPT1DbGVyaWMKU3RlZWxzdGVwIzI2NzQ9PUJhcmQKTmVtb3Bob2JpYSM5MjEzPT1CYXJkCk5lbW9waG9iaWEjOTIxMz09U2hhbWFuClRlc3QjMzQzMjQyPT0KQXJjaENOIzM2Njg9PVdhcnJpb3IKQXJjaENOIzM2Njg9PUNsZXJpYwpUaHd1KFByZXRsYXcpIzIyNzM9PVdhcnJpb3IKVGliZXJvdXMjNTE3OT09QmVhc3Rsb3JkClRpYmVyb3VzIzUxNzk9PVBhbGFkaW4KVG9taWFzIzYzMDI9PUVuY2hhbnRlcgpUcmFpbnojNzgzOD09TW9uawpUcmFpbnojNzgzOD09TW9uawpUcmVibGEjMDI5Mz09QmFyZApUeWxlcmR1cmRlbiM4MzE3PT1XYXJyaW9yClR5bGVyZHVyZGVuIzgzMTc9PUNsZXJpYwpWYWl6b24jMDY4NT09TWFnaWNpYW4KTWlya2F2YSMxNTE2PT1Sb2d1ZQpNaXJrYXZhIzE1MTY9PUNsZXJpYwpwaXBwaXIjODE4NT09TWFnaWNpYW4KcGlwcGlyIzgxODU9PVNoYW1hbgpQb3dlcmhvdXNlIzczMjI9PVNoYWRvdyBLbmlnaHQKUG93ZXJob3VzZSM3MzIyPT1CYXJkCkdydW1wdXMjMDc2NT09QmVyc2Vya2VyCld5b3JhIzQ3MTc9PUVuY2hhbnRlcgpXeW9yYSM0NzE3PT1TaGFtYW4KWGVuZHUjMDIxMD09U2hhZG93IEtuaWdodApTYW13aXNlIzQ5MDk9PVdhcnJpb3IKWWFzaXhEIzgzODY9PUJlcnNlcmtlcgpZYXNpeEQjODM4Nj09QmFyZApSZWFsaXN0ZXZlciMyNDkzPT1QYWxhZGluClJlYWxpc3RldmVyIzI0OTM9PUJhcmQKV29sZ2VyIzEyODQ9PU5lY3JvbWFuY2Vy",
            "filename": "./Roster.txt",
            "id": "7347277739ed801ca0c67bf50f8f9d959c95e857"
          },
          "sensitive_attributes": []
        }
      ]
    },
    {
      "module": "module.roles[\"Bard\"]",
      "mode": "data",
      "type": "discord_permission",
      "name": "member",
      "provider": "provider[\"registry.terraform.io/aequasi/discord\"]",
      "instances": [
        {
          "schema_version": 0,
          "attributes": {
            "add_reactions": "unset",
            "administrator": "unset",
            "allow_bits": 3072,
            "allow_extends": null,
            "attach_files": "unset",
            "ban_members": "unset",
            "change_nickname": "unset",
            "connect": "unset",
            "create_instant_invite": "unset",
            "deafen_members": "unset",
            "deny_bits": 33554688,
            "deny_extends": null,
            "embed_links": "unset",
            "id": "3089829817",
            "kick_members": "unset",
            "manage_channels": "unset",
            "manage_emojis": "unset",
            "manage_guild": "unset",
            "manage_messages": "unset",
            "manage_nicknames": "unset",
            "manage_roles": "unset",
            "manage_webhooks": "unset",
            "mention_everyone": "unset",
            "move_members": "unset",
            "mute_members": "unset",
            "priority_speaker": "deny",
            "read_message_history": "unset",
            "send_messages": "allow",
            "send_tts_messages": "unset",
            "speak": "unset",
            "stream": "unset",
            "use_external_emojis": "unset",
            "use_vad": "deny",
            "view_audit_log": "unset",
            "view_channel": "allow",
            "view_guild_insights": "unset"
          },
          "sensitive_attributes": []
        }
      ]
    },
    {
      "module": "module.roles[\"Bard\"]",
      "mode": "managed",
      "type": "discord_role",
      "name": "role",
      "provider": "provider[\"registry.terraform.io/aequasi/discord\"]",
      "instances": [
        {
          "status": "tainted",
          "schema_version": 0,
          "attributes": {
            "color": null,
            "hoist": true,
            "id": "939969730926743593",
            "managed": false,
            "mentionable": true,
            "name": "Bard-tf",
            "permissions": 3072,
            "position": 29,
            "server_id": "676568200229552140"
          },
          "sensitive_attributes": [],
          "private": "bnVsbA==",
          "dependencies": [
            "module.roles.data.discord_permission.member"
          ]
        }
      ]
    },
    {
      "module": "module.roles[\"Beastlord\"]",
      "mode": "data",
      "type": "discord_permission",
      "name": "member",
      "provider": "provider[\"registry.terraform.io/aequasi/discord\"]",
      "instances": [
        {
          "schema_version": 0,
          "attributes": {
            "add_reactions": "unset",
            "administrator": "unset",
            "allow_bits": 3072,
            "allow_extends": null,
            "attach_files": "unset",
            "ban_members": "unset",
            "change_nickname": "unset",
            "connect": "unset",
            "create_instant_invite": "unset",
            "deafen_members": "unset",
            "deny_bits": 33554688,
            "deny_extends": null,
            "embed_links": "unset",
            "id": "3089829817",
            "kick_members": "unset",
            "manage_channels": "unset",
            "manage_emojis": "unset",
            "manage_guild": "unset",
            "manage_messages": "unset",
            "manage_nicknames": "unset",
            "manage_roles": "unset",
            "manage_webhooks": "unset",
            "mention_everyone": "unset",
            "move_members": "unset",
            "mute_members": "unset",
            "priority_speaker": "deny",
            "read_message_history": "unset",
            "send_messages": "allow",
            "send_tts_messages": "unset",
            "speak": "unset",
            "stream": "unset",
            "use_external_emojis": "unset",
            "use_vad": "deny",
            "view_audit_log": "unset",
            "view_channel": "allow",
            "view_guild_insights": "unset"
          },
          "sensitive_attributes": []
        }
      ]
    },
    {
      "module": "module.roles[\"Beastlord\"]",
      "mode": "managed",
      "type": "discord_role",
      "name": "role",
      "provider": "provider[\"registry.terraform.io/aequasi/discord\"]",
      "instances": [
        {
          "status": "tainted",
          "schema_version": 0,
          "attributes": {
            "color": null,
            "hoist": true,
            "id": "939969734164762706",
            "managed": false,
            "mentionable": true,
            "name": "Beastlord-tf",
            "permissions": 3072,
            "position": 30,
            "server_id": "676568200229552140"
          },
          "sensitive_attributes": [],
          "private": "bnVsbA==",
          "dependencies": [
            "module.roles.data.discord_permission.member"
          ]
        }
      ]
    },
    {
      "module": "module.roles[\"Berserker\"]",
      "mode": "data",
      "type": "discord_permission",
      "name": "member",
      "provider": "provider[\"registry.terraform.io/aequasi/discord\"]",
      "instances": [
        {
          "schema_version": 0,
          "attributes": {
            "add_reactions": "unset",
            "administrator": "unset",
            "allow_bits": 3072,
            "allow_extends": null,
            "attach_files": "unset",
            "ban_members": "unset",
            "change_nickname": "unset",
            "connect": "unset",
            "create_instant_invite": "unset",
            "deafen_members": "unset",
            "deny_bits": 33554688,
            "deny_extends": null,
            "embed_links": "unset",
            "id": "3089829817",
            "kick_members": "unset",
            "manage_channels": "unset",
            "manage_emojis": "unset",
            "manage_guild": "unset",
            "manage_messages": "unset",
            "manage_nicknames": "unset",
            "manage_roles": "unset",
            "manage_webhooks": "unset",
            "mention_everyone": "unset",
            "move_members": "unset",
            "mute_members": "unset",
            "priority_speaker": "deny",
            "read_message_history": "unset",
            "send_messages": "allow",
            "send_tts_messages": "unset",
            "speak": "unset",
            "stream": "unset",
            "use_external_emojis": "unset",
            "use_vad": "deny",
            "view_audit_log": "unset",
            "view_channel": "allow",
            "view_guild_insights": "unset"
          },
          "sensitive_attributes": []
        }
      ]
    },
    {
      "module": "module.roles[\"Cleric\"]",
      "mode": "data",
      "type": "discord_permission",
      "name": "member",
      "provider": "provider[\"registry.terraform.io/aequasi/discord\"]",
      "instances": [
        {
          "schema_version": 0,
          "attributes": {
            "add_reactions": "unset",
            "administrator": "unset",
            "allow_bits": 3072,
            "allow_extends": null,
            "attach_files": "unset",
            "ban_members": "unset",
            "change_nickname": "unset",
            "connect": "unset",
            "create_instant_invite": "unset",
            "deafen_members": "unset",
            "deny_bits": 33554688,
            "deny_extends": null,
            "embed_links": "unset",
            "id": "3089829817",
            "kick_members": "unset",
            "manage_channels": "unset",
            "manage_emojis": "unset",
            "manage_guild": "unset",
            "manage_messages": "unset",
            "manage_nicknames": "unset",
            "manage_roles": "unset",
            "manage_webhooks": "unset",
            "mention_everyone": "unset",
            "move_members": "unset",
            "mute_members": "unset",
            "priority_speaker": "deny",
            "read_message_history": "unset",
            "send_messages": "allow",
            "send_tts_messages": "unset",
            "speak": "unset",
            "stream": "unset",
            "use_external_emojis": "unset",
            "use_vad": "deny",
            "view_audit_log": "unset",
            "view_channel": "allow",
            "view_guild_insights": "unset"
          },
          "sensitive_attributes": []
        }
      ]
    },
    {
      "module": "module.roles[\"Druid\"]",
      "mode": "data",
      "type": "discord_permission",
      "name": "member",
      "provider": "provider[\"registry.terraform.io/aequasi/discord\"]",
      "instances": [
        {
          "schema_version": 0,
          "attributes": {
            "add_reactions": "unset",
            "administrator": "unset",
            "allow_bits": 3072,
            "allow_extends": null,
            "attach_files": "unset",
            "ban_members": "unset",
            "change_nickname": "unset",
            "connect": "unset",
            "create_instant_invite": "unset",
            "deafen_members": "unset",
            "deny_bits": 33554688,
            "deny_extends": null,
            "embed_links": "unset",
            "id": "3089829817",
            "kick_members": "unset",
            "manage_channels": "unset",
            "manage_emojis": "unset",
            "manage_guild": "unset",
            "manage_messages": "unset",
            "manage_nicknames": "unset",
            "manage_roles": "unset",
            "manage_webhooks": "unset",
            "mention_everyone": "unset",
            "move_members": "unset",
            "mute_members": "unset",
            "priority_speaker": "deny",
            "read_message_history": "unset",
            "send_messages": "allow",
            "send_tts_messages": "unset",
            "speak": "unset",
            "stream": "unset",
            "use_external_emojis": "unset",
            "use_vad": "deny",
            "view_audit_log": "unset",
            "view_channel": "allow",
            "view_guild_insights": "unset"
          },
          "sensitive_attributes": []
        }
      ]
    },
    {
      "module": "module.roles[\"Enchanter\"]",
      "mode": "data",
      "type": "discord_permission",
      "name": "member",
      "provider": "provider[\"registry.terraform.io/aequasi/discord\"]",
      "instances": [
        {
          "schema_version": 0,
          "attributes": {
            "add_reactions": "unset",
            "administrator": "unset",
            "allow_bits": 3072,
            "allow_extends": null,
            "attach_files": "unset",
            "ban_members": "unset",
            "change_nickname": "unset",
            "connect": "unset",
            "create_instant_invite": "unset",
            "deafen_members": "unset",
            "deny_bits": 33554688,
            "deny_extends": null,
            "embed_links": "unset",
            "id": "3089829817",
            "kick_members": "unset",
            "manage_channels": "unset",
            "manage_emojis": "unset",
            "manage_guild": "unset",
            "manage_messages": "unset",
            "manage_nicknames": "unset",
            "manage_roles": "unset",
            "manage_webhooks": "unset",
            "mention_everyone": "unset",
            "move_members": "unset",
            "mute_members": "unset",
            "priority_speaker": "deny",
            "read_message_history": "unset",
            "send_messages": "allow",
            "send_tts_messages": "unset",
            "speak": "unset",
            "stream": "unset",
            "use_external_emojis": "unset",
            "use_vad": "deny",
            "view_audit_log": "unset",
            "view_channel": "allow",
            "view_guild_insights": "unset"
          },
          "sensitive_attributes": []
        }
      ]
    },
    {
      "module": "module.roles[\"Magician\"]",
      "mode": "data",
      "type": "discord_permission",
      "name": "member",
      "provider": "provider[\"registry.terraform.io/aequasi/discord\"]",
      "instances": [
        {
          "schema_version": 0,
          "attributes": {
            "add_reactions": "unset",
            "administrator": "unset",
            "allow_bits": 3072,
            "allow_extends": null,
            "attach_files": "unset",
            "ban_members": "unset",
            "change_nickname": "unset",
            "connect": "unset",
            "create_instant_invite": "unset",
            "deafen_members": "unset",
            "deny_bits": 33554688,
            "deny_extends": null,
            "embed_links": "unset",
            "id": "3089829817",
            "kick_members": "unset",
            "manage_channels": "unset",
            "manage_emojis": "unset",
            "manage_guild": "unset",
            "manage_messages": "unset",
            "manage_nicknames": "unset",
            "manage_roles": "unset",
            "manage_webhooks": "unset",
            "mention_everyone": "unset",
            "move_members": "unset",
            "mute_members": "unset",
            "priority_speaker": "deny",
            "read_message_history": "unset",
            "send_messages": "allow",
            "send_tts_messages": "unset",
            "speak": "unset",
            "stream": "unset",
            "use_external_emojis": "unset",
            "use_vad": "deny",
            "view_audit_log": "unset",
            "view_channel": "allow",
            "view_guild_insights": "unset"
          },
          "sensitive_attributes": []
        }
      ]
    },
    {
      "module": "module.roles[\"Monk\"]",
      "mode": "data",
      "type": "discord_permission",
      "name": "member",
      "provider": "provider[\"registry.terraform.io/aequasi/discord\"]",
      "instances": [
        {
          "schema_version": 0,
          "attributes": {
            "add_reactions": "unset",
            "administrator": "unset",
            "allow_bits": 3072,
            "allow_extends": null,
            "attach_files": "unset",
            "ban_members": "unset",
            "change_nickname": "unset",
            "connect": "unset",
            "create_instant_invite": "unset",
            "deafen_members": "unset",
            "deny_bits": 33554688,
            "deny_extends": null,
            "embed_links": "unset",
            "id": "3089829817",
            "kick_members": "unset",
            "manage_channels": "unset",
            "manage_emojis": "unset",
            "manage_guild": "unset",
            "manage_messages": "unset",
            "manage_nicknames": "unset",
            "manage_roles": "unset",
            "manage_webhooks": "unset",
            "mention_everyone": "unset",
            "move_members": "unset",
            "mute_members": "unset",
            "priority_speaker": "deny",
            "read_message_history": "unset",
            "send_messages": "allow",
            "send_tts_messages": "unset",
            "speak": "unset",
            "stream": "unset",
            "use_external_emojis": "unset",
            "use_vad": "deny",
            "view_audit_log": "unset",
            "view_channel": "allow",
            "view_guild_insights": "unset"
          },
          "sensitive_attributes": []
        }
      ]
    },
    {
      "module": "module.roles[\"Necromancer\"]",
      "mode": "data",
      "type": "discord_permission",
      "name": "member",
      "provider": "provider[\"registry.terraform.io/aequasi/discord\"]",
      "instances": [
        {
          "schema_version": 0,
          "attributes": {
            "add_reactions": "unset",
            "administrator": "unset",
            "allow_bits": 3072,
            "allow_extends": null,
            "attach_files": "unset",
            "ban_members": "unset",
            "change_nickname": "unset",
            "connect": "unset",
            "create_instant_invite": "unset",
            "deafen_members": "unset",
            "deny_bits": 33554688,
            "deny_extends": null,
            "embed_links": "unset",
            "id": "3089829817",
            "kick_members": "unset",
            "manage_channels": "unset",
            "manage_emojis": "unset",
            "manage_guild": "unset",
            "manage_messages": "unset",
            "manage_nicknames": "unset",
            "manage_roles": "unset",
            "manage_webhooks": "unset",
            "mention_everyone": "unset",
            "move_members": "unset",
            "mute_members": "unset",
            "priority_speaker": "deny",
            "read_message_history": "unset",
            "send_messages": "allow",
            "send_tts_messages": "unset",
            "speak": "unset",
            "stream": "unset",
            "use_external_emojis": "unset",
            "use_vad": "deny",
            "view_audit_log": "unset",
            "view_channel": "allow",
            "view_guild_insights": "unset"
          },
          "sensitive_attributes": []
        }
      ]
    },
    {
      "module": "module.roles[\"Paladin\"]",
      "mode": "data",
      "type": "discord_permission",
      "name": "member",
      "provider": "provider[\"registry.terraform.io/aequasi/discord\"]",
      "instances": [
        {
          "schema_version": 0,
          "attributes": {
            "add_reactions": "unset",
            "administrator": "unset",
            "allow_bits": 3072,
            "allow_extends": null,
            "attach_files": "unset",
            "ban_members": "unset",
            "change_nickname": "unset",
            "connect": "unset",
            "create_instant_invite": "unset",
            "deafen_members": "unset",
            "deny_bits": 33554688,
            "deny_extends": null,
            "embed_links": "unset",
            "id": "3089829817",
            "kick_members": "unset",
            "manage_channels": "unset",
            "manage_emojis": "unset",
            "manage_guild": "unset",
            "manage_messages": "unset",
            "manage_nicknames": "unset",
            "manage_roles": "unset",
            "manage_webhooks": "unset",
            "mention_everyone": "unset",
            "move_members": "unset",
            "mute_members": "unset",
            "priority_speaker": "deny",
            "read_message_history": "unset",
            "send_messages": "allow",
            "send_tts_messages": "unset",
            "speak": "unset",
            "stream": "unset",
            "use_external_emojis": "unset",
            "use_vad": "deny",
            "view_audit_log": "unset",
            "view_channel": "allow",
            "view_guild_insights": "unset"
          },
          "sensitive_attributes": []
        }
      ]
    },
    {
      "module": "module.roles[\"Ranger\"]",
      "mode": "data",
      "type": "discord_permission",
      "name": "member",
      "provider": "provider[\"registry.terraform.io/aequasi/discord\"]",
      "instances": [
        {
          "schema_version": 0,
          "attributes": {
            "add_reactions": "unset",
            "administrator": "unset",
            "allow_bits": 3072,
            "allow_extends": null,
            "attach_files": "unset",
            "ban_members": "unset",
            "change_nickname": "unset",
            "connect": "unset",
            "create_instant_invite": "unset",
            "deafen_members": "unset",
            "deny_bits": 33554688,
            "deny_extends": null,
            "embed_links": "unset",
            "id": "3089829817",
            "kick_members": "unset",
            "manage_channels": "unset",
            "manage_emojis": "unset",
            "manage_guild": "unset",
            "manage_messages": "unset",
            "manage_nicknames": "unset",
            "manage_roles": "unset",
            "manage_webhooks": "unset",
            "mention_everyone": "unset",
            "move_members": "unset",
            "mute_members": "unset",
            "priority_speaker": "deny",
            "read_message_history": "unset",
            "send_messages": "allow",
            "send_tts_messages": "unset",
            "speak": "unset",
            "stream": "unset",
            "use_external_emojis": "unset",
            "use_vad": "deny",
            "view_audit_log": "unset",
            "view_channel": "allow",
            "view_guild_insights": "unset"
          },
          "sensitive_attributes": []
        }
      ]
    },
    {
      "module": "module.roles[\"Rogue\"]",
      "mode": "data",
      "type": "discord_permission",
      "name": "member",
      "provider": "provider[\"registry.terraform.io/aequasi/discord\"]",
      "instances": [
        {
          "schema_version": 0,
          "attributes": {
            "add_reactions": "unset",
            "administrator": "unset",
            "allow_bits": 3072,
            "allow_extends": null,
            "attach_files": "unset",
            "ban_members": "unset",
            "change_nickname": "unset",
            "connect": "unset",
            "create_instant_invite": "unset",
            "deafen_members": "unset",
            "deny_bits": 33554688,
            "deny_extends": null,
            "embed_links": "unset",
            "id": "3089829817",
            "kick_members": "unset",
            "manage_channels": "unset",
            "manage_emojis": "unset",
            "manage_guild": "unset",
            "manage_messages": "unset",
            "manage_nicknames": "unset",
            "manage_roles": "unset",
            "manage_webhooks": "unset",
            "mention_everyone": "unset",
            "move_members": "unset",
            "mute_members": "unset",
            "priority_speaker": "deny",
            "read_message_history": "unset",
            "send_messages": "allow",
            "send_tts_messages": "unset",
            "speak": "unset",
            "stream": "unset",
            "use_external_emojis": "unset",
            "use_vad": "deny",
            "view_audit_log": "unset",
            "view_channel": "allow",
            "view_guild_insights": "unset"
          },
          "sensitive_attributes": []
        }
      ]
    },
    {
      "module": "module.roles[\"Shadow Knight\"]",
      "mode": "data",
      "type": "discord_permission",
      "name": "member",
      "provider": "provider[\"registry.terraform.io/aequasi/discord\"]",
      "instances": [
        {
          "schema_version": 0,
          "attributes": {
            "add_reactions": "unset",
            "administrator": "unset",
            "allow_bits": 3072,
            "allow_extends": null,
            "attach_files": "unset",
            "ban_members": "unset",
            "change_nickname": "unset",
            "connect": "unset",
            "create_instant_invite": "unset",
            "deafen_members": "unset",
            "deny_bits": 33554688,
            "deny_extends": null,
            "embed_links": "unset",
            "id": "3089829817",
            "kick_members": "unset",
            "manage_channels": "unset",
            "manage_emojis": "unset",
            "manage_guild": "unset",
            "manage_messages": "unset",
            "manage_nicknames": "unset",
            "manage_roles": "unset",
            "manage_webhooks": "unset",
            "mention_everyone": "unset",
            "move_members": "unset",
            "mute_members": "unset",
            "priority_speaker": "deny",
            "read_message_history": "unset",
            "send_messages": "allow",
            "send_tts_messages": "unset",
            "speak": "unset",
            "stream": "unset",
            "use_external_emojis": "unset",
            "use_vad": "deny",
            "view_audit_log": "unset",
            "view_channel": "allow",
            "view_guild_insights": "unset"
          },
          "sensitive_attributes": []
        }
      ]
    },
    {
      "module": "module.roles[\"Shaman\"]",
      "mode": "data",
      "type": "discord_permission",
      "name": "member",
      "provider": "provider[\"registry.terraform.io/aequasi/discord\"]",
      "instances": [
        {
          "schema_version": 0,
          "attributes": {
            "add_reactions": "unset",
            "administrator": "unset",
            "allow_bits": 3072,
            "allow_extends": null,
            "attach_files": "unset",
            "ban_members": "unset",
            "change_nickname": "unset",
            "connect": "unset",
            "create_instant_invite": "unset",
            "deafen_members": "unset",
            "deny_bits": 33554688,
            "deny_extends": null,
            "embed_links": "unset",
            "id": "3089829817",
            "kick_members": "unset",
            "manage_channels": "unset",
            "manage_emojis": "unset",
            "manage_guild": "unset",
            "manage_messages": "unset",
            "manage_nicknames": "unset",
            "manage_roles": "unset",
            "manage_webhooks": "unset",
            "mention_everyone": "unset",
            "move_members": "unset",
            "mute_members": "unset",
            "priority_speaker": "deny",
            "read_message_history": "unset",
            "send_messages": "allow",
            "send_tts_messages": "unset",
            "speak": "unset",
            "stream": "unset",
            "use_external_emojis": "unset",
            "use_vad": "deny",
            "view_audit_log": "unset",
            "view_channel": "allow",
            "view_guild_insights": "unset"
          },
          "sensitive_attributes": []
        }
      ]
    },
    {
      "module": "module.roles[\"Warrior\"]",
      "mode": "data",
      "type": "discord_permission",
      "name": "member",
      "provider": "provider[\"registry.terraform.io/aequasi/discord\"]",
      "instances": [
        {
          "schema_version": 0,
          "attributes": {
            "add_reactions": "unset",
            "administrator": "unset",
            "allow_bits": 3072,
            "allow_extends": null,
            "attach_files": "unset",
            "ban_members": "unset",
            "change_nickname": "unset",
            "connect": "unset",
            "create_instant_invite": "unset",
            "deafen_members": "unset",
            "deny_bits": 33554688,
            "deny_extends": null,
            "embed_links": "unset",
            "id": "3089829817",
            "kick_members": "unset",
            "manage_channels": "unset",
            "manage_emojis": "unset",
            "manage_guild": "unset",
            "manage_messages": "unset",
            "manage_nicknames": "unset",
            "manage_roles": "unset",
            "manage_webhooks": "unset",
            "mention_everyone": "unset",
            "move_members": "unset",
            "mute_members": "unset",
            "priority_speaker": "deny",
            "read_message_history": "unset",
            "send_messages": "allow",
            "send_tts_messages": "unset",
            "speak": "unset",
            "stream": "unset",
            "use_external_emojis": "unset",
            "use_vad": "deny",
            "view_audit_log": "unset",
            "view_channel": "allow",
            "view_guild_insights": "unset"
          },
          "sensitive_attributes": []
        }
      ]
    },
    {
      "module": "module.roles[\"Wizard\"]",
      "mode": "data",
      "type": "discord_permission",
      "name": "member",
      "provider": "provider[\"registry.terraform.io/aequasi/discord\"]",
      "instances": [
        {
          "schema_version": 0,
          "attributes": {
            "add_reactions": "unset",
            "administrator": "unset",
            "allow_bits": 3072,
            "allow_extends": null,
            "attach_files": "unset",
            "ban_members": "unset",
            "change_nickname": "unset",
            "connect": "unset",
            "create_instant_invite": "unset",
            "deafen_members": "unset",
            "deny_bits": 33554688,
            "deny_extends": null,
            "embed_links": "unset",
            "id": "3089829817",
            "kick_members": "unset",
            "manage_channels": "unset",
            "manage_emojis": "unset",
            "manage_guild": "unset",
            "manage_messages": "unset",
            "manage_nicknames": "unset",
            "manage_roles": "unset",
            "manage_webhooks": "unset",
            "mention_everyone": "unset",
            "move_members": "unset",
            "mute_members": "unset",
            "priority_speaker": "deny",
            "read_message_history": "unset",
            "send_messages": "allow",
            "send_tts_messages": "unset",
            "speak": "unset",
            "stream": "unset",
            "use_external_emojis": "unset",
            "use_vad": "deny",
            "view_audit_log": "unset",
            "view_channel": "allow",
            "view_guild_insights": "unset"
          },
          "sensitive_attributes": []
        }
      ]
    }
  ]
}
